
Microsoft Visual Studio Solution File, Format Version 12.00
# Visual Studio 15
VisualStudioVersion = 15.0.27130.2010
MinimumVisualStudioVersion = 10.0.40219.1
Project("{FAE04EC0-301F-11D3-BF4B-00C04F79EFBC}") = "API_transnet_1.1", "API_transnet_1.1\API_transnet_1.1.csproj", "{7822B774-F5C7-4E2C-9750-2D61117EB2F9}"
EndProject
Global
	GlobalSection(SolutionConfigurationPlatforms) = preSolution
		Debug|Any CPU = Debug|Any CPU
		Release|Any CPU = Release|Any CPU
	EndGlobalSection
	GlobalSection(ProjectConfigurationPlatforms) = postSolution
		{7822B774-F5C7-4E2C-9750-2D61117EB2F9}.Debug|Any CPU.ActiveCfg = Debug|Any CPU
		{7822B774-F5C7-4E2C-9750-2D61117EB2F9}.Debug|Any CPU.Build.0 = Debug|Any CPU
		{7822B774-F5C7-4E2C-9750-2D61117EB2F9}.Release|Any CPU.ActiveCfg = Release|Any CPU
		{7822B774-F5C7-4E2C-9750-2D61117EB2F9}.Release|Any CPU.Build.0 = Release|Any CPU
	EndGlobalSection
	GlobalSection(SolutionProperties) = preSolution
		HideSolutionNode = FALSE
	EndGlobalSection
	GlobalSection(ExtensibilityGlobals) = postSolution
		SolutionGuid = {C9864A3F-618E-4D5A-98EA-49EEAEEB4FA9}
	EndGlobalSection
EndGlobal
